{
  "name": "yuna-labs-site",
  "version": "1.0.0",
  "lockfileVersion": 3,
  "requires": true,
  "packages": {
    "": {
      "name": "yuna-labs-site",
      "version": "1.0.0",
      "license": "UNLICENSED",
      "dependencies": {
        "nodemailer": "^9.1.0"
      }
    },
    "node_modules/nodemailer": {
      "version": "9.1.0",
      "resolved": "https://registry.npmjs.org/nodemailer/-/nodemailer-9.1.0.tgz",
      "integrity": "sha512-xj1Ri5Sau3qpPffHJwi2bY0oWVVWYq62Ph17l+2v1xXpxjqTls3YPc3L8dub9mcJpxj+1ucNnuYVqLlgh4pmDA==",
      "license": "MIT-0",
      "engines": {
        "node": ">=6.0.0"
      }
    }
  }
}
